{
  "name": "tramity",
  "version": "1.0.0",
  "lockfileVersion": 1,
  "requires": true,
  "dependencies": {
    "bootstrap": {
      "version": "4.5.0",
      "resolved": "https://registry.npmjs.org/bootstrap/-/bootstrap-4.5.0.tgz",
      "integrity": "sha1-l9nby1qJcvhyLJliSDVDuQfZuew="
    },
    "bootstrap-fileinput": {
      "version": "5.1.3",
      "resolved": "https://registry.npmjs.org/bootstrap-fileinput/-/bootstrap-fileinput-5.1.3.tgz",
      "integrity": "sha512-Z1NfUiu/Oqvp7eO//6IuS24OSVWJ7kmZZtaYQMdd2rEcva7sxE14L/TWXC+XPlarQpjku7GXozDhWD4NbpfTPA==",
      "requires": {
        "bootstrap": ">= 3.4.1",
        "jquery": ">= 1.9.0",
        "opencollective-postinstall": "^2.0.2"
      }
    },
    "bootstrap4-toggle": {
      "version": "3.6.1",
      "resolved": "https://registry.npmjs.org/bootstrap4-toggle/-/bootstrap4-toggle-3.6.1.tgz",
      "integrity": "sha512-eRejcTc9YurhZ64nHY9Ii9DQn+F9/R74H9RPoeANVM3N1+C2lZ2tUuFCx1w3orOJ1y/iG4A7iCwdDZphMDIrYg=="
    },
    "datatables.net": {
      "version": "1.10.23",
      "resolved": "https://registry.npmjs.org/datatables.net/-/datatables.net-1.10.23.tgz",
      "integrity": "sha512-we3tlNkzpxvgkKKlTxTMXPCt35untVXNg8zUYWpQyC1U5vJc+lT0+Zdc1ztK8d3lh5CfdnuFde2p8n3XwaGl3Q==",
      "requires": {
        "jquery": ">=1.7"
      }
    },
    "datatables.net-bs4": {
      "version": "1.10.23",
      "resolved": "https://registry.npmjs.org/datatables.net-bs4/-/datatables.net-bs4-1.10.23.tgz",
      "integrity": "sha512-ChUB8t5t5uzPnJYTPXx2DOvnlm2shz8OadXrKoFavOadB308OuwHVxSldYq9+KGedCeiVxEjNqcaV4nFSXkRsw==",
      "requires": {
        "datatables.net": "1.10.23",
        "jquery": ">=1.7"
      }
    },
    "datatables.net-buttons": {
      "version": "1.6.5",
      "resolved": "https://registry.npmjs.org/datatables.net-buttons/-/datatables.net-buttons-1.6.5.tgz",
      "integrity": "sha512-JmV1ncTbpiDXxU/e8ucFIbNLrmlGUrWrURBLI19Rd/rT+WSbH8TmLjoFVyTFuvC4PdzyLY2swEi+O1SC1ehGKQ==",
      "requires": {
        "datatables.net": "^1.10.15",
        "jquery": ">=1.7"
      }
    },
    "datatables.net-buttons-bs4": {
      "version": "1.6.5",
      "resolved": "https://registry.npmjs.org/datatables.net-buttons-bs4/-/datatables.net-buttons-bs4-1.6.5.tgz",
      "integrity": "sha512-GDCRZehr9t1PIAJsBdZA1cFJXeaInNLgNLG2IcN7EQLkb33kem1J+PdtIDv7/fPFqVKOAye2FqpSlcMOHXSiSw==",
      "requires": {
        "datatables.net-bs4": "^1.10.15",
        "datatables.net-buttons": "1.6.5",
        "jquery": ">=1.7"
      }
    },
    "datatables.net-colreorder": {
      "version": "1.5.3",
      "resolved": "https://registry.npmjs.org/datatables.net-colreorder/-/datatables.net-colreorder-1.5.3.tgz",
      "integrity": "sha512-OPMP5hG60cOVALk68Q2FQrsPQ6oOnwmsxipbq1FKm3JdR9I80j3wI3Zv9Q5KbehK5YkwE+DDJVDS1V/ikUVKHA==",
      "requires": {
        "datatables.net": "^1.10.15",
        "jquery": ">=1.7"
      }
    },
    "datatables.net-colreorder-bs4": {
      "version": "1.5.3",
      "resolved": "https://registry.npmjs.org/datatables.net-colreorder-bs4/-/datatables.net-colreorder-bs4-1.5.3.tgz",
      "integrity": "sha512-XIXwMJbLoEC75A+2ICZRuFVzbvvquF6yxXL3D4CJCIOU+dqW5aBjpq2GHaVRpxZfbWIIIQ7ujhUM72QpKqBWmQ==",
      "requires": {
        "datatables.net-bs4": "^1.10.15",
        "datatables.net-colreorder": "1.5.3",
        "jquery": ">=1.7"
      }
    },
    "datatables.net-fixedheader": {
      "version": "3.1.7",
      "resolved": "https://registry.npmjs.org/datatables.net-fixedheader/-/datatables.net-fixedheader-3.1.7.tgz",
      "integrity": "sha512-WN2UFDn/i/6NAXMjyfd67Yfwm5lIdP8e1N1rBqQ30izZ8IituJKDFffVTi0y5S3SiwZzCpKFRvdLEehFtCaQng==",
      "requires": {
        "datatables.net": "^1.10.15",
        "jquery": ">=1.7"
      }
    },
    "datatables.net-fixedheader-bs4": {
      "version": "3.1.7",
      "resolved": "https://registry.npmjs.org/datatables.net-fixedheader-bs4/-/datatables.net-fixedheader-bs4-3.1.7.tgz",
      "integrity": "sha512-ahaiBOJ7OeJSMLUll7zXA03j1dvuHC3BvlCQhDZkG+vDrfGFdldd6zOhjPRdHZpmLArGGB6V270Rml8Yst3opg==",
      "requires": {
        "datatables.net-bs4": "^1.10.15",
        "datatables.net-fixedheader": "3.1.7",
        "jquery": ">=1.7"
      }
    },
    "datatables.net-responsive": {
      "version": "2.2.6",
      "resolved": "https://registry.npmjs.org/datatables.net-responsive/-/datatables.net-responsive-2.2.6.tgz",
      "integrity": "sha512-cSz8xlM6bUgQlroT6wJjj+wyKGo+GY2Bq+2CL17HaLGrtv1k/RDitHoDMdYbaKljBwSa4sGVBxikHGz3yvirJA==",
      "requires": {
        "datatables.net": "^1.10.15",
        "jquery": ">=1.7"
      }
    },
    "datatables.net-responsive-bs4": {
      "version": "2.2.6",
      "resolved": "https://registry.npmjs.org/datatables.net-responsive-bs4/-/datatables.net-responsive-bs4-2.2.6.tgz",
      "integrity": "sha512-Yz/4oe5nGio7V6qDfvq9GYb1PI7dS0/OWbaqUb0rIelJCI05ZbEo6RtMGIvay/biS7R72lhftFXSkysOv1uwKw==",
      "requires": {
        "datatables.net-bs4": "^1.10.15",
        "datatables.net-responsive": "2.2.6",
        "jquery": ">=1.7"
      }
    },
    "datatables.net-searchbuilder": {
      "version": "1.0.1",
      "resolved": "https://registry.npmjs.org/datatables.net-searchbuilder/-/datatables.net-searchbuilder-1.0.1.tgz",
      "integrity": "sha512-IM0bz5o3wKytadKeJw1/ja7RDaAxX3FBqYvLXqcuZnW/Kk0Hj1olJ54qChJ0WRUZzN/HRAJ/mkDOhgP0yiv8Yg==",
      "requires": {
        "datatables.net": "^1.10.15",
        "jquery": ">=1.7"
      }
    },
    "datatables.net-searchbuilder-bs4": {
      "version": "1.0.1",
      "resolved": "https://registry.npmjs.org/datatables.net-searchbuilder-bs4/-/datatables.net-searchbuilder-bs4-1.0.1.tgz",
      "integrity": "sha512-G0cw3UI56KpHFBxyhcu0JCV52hz1hS+pD3qsWorjW9HWJhfNCqguO+xoF8imYMWIMI70rt5KzYE6hWELBq1OTg==",
      "requires": {
        "datatables.net-bs4": "^1.10.15",
        "datatables.net-searchbuilder": "1.0.1",
        "jquery": ">=1.7"
      }
    },
    "jquery": {
      "version": "3.5.1",
      "resolved": "https://registry.npmjs.org/jquery/-/jquery-3.5.1.tgz",
      "integrity": "sha1-17TQjhv9uGrS8aPQOeoXMEcXq7U="
    },
    "jquery-confirm": {
      "version": "3.3.4",
      "resolved": "https://registry.npmjs.org/jquery-confirm/-/jquery-confirm-3.3.4.tgz",
      "integrity": "sha512-SF3mX2kWAK9FP/Hut1uLHI30LPZ9DAki3Jq6JId9vg6AlMVugjlh40APtuxPQ/0C44XTkQFSVyRrg57NMbaicA==",
      "requires": {
        "jquery": ">=1.6"
      }
    },
    "jquery-ui": {
      "version": "1.12.1",
      "resolved": "https://registry.npmjs.org/jquery-ui/-/jquery-ui-1.12.1.tgz",
      "integrity": "sha1-vLQEXI3QU5wTS8FIjN0+dop6nlE="
    },
    "jquery-ui-dist": {
      "version": "1.12.1",
      "resolved": "https://registry.npmjs.org/jquery-ui-dist/-/jquery-ui-dist-1.12.1.tgz",
      "integrity": "sha1-XAgV08xvkP9fqvWyaKbiO0ypBPo="
    },
    "jquery-ui-sortable": {
      "version": "1.0.0",
      "resolved": "https://registry.npmjs.org/jquery-ui-sortable/-/jquery-ui-sortable-1.0.0.tgz",
      "integrity": "sha1-DuBizgKymzZYXt46Pg3d5mYGD5Y="
    },
    "opencollective-postinstall": {
      "version": "2.0.3",
      "resolved": "https://registry.npmjs.org/opencollective-postinstall/-/opencollective-postinstall-2.0.3.tgz",
      "integrity": "sha512-8AV/sCtuzUeTo8gQK5qDZzARrulB3egtLzFgteqB2tcT4Mw7B8Kt7JcDHmltjz6FOAHsvTevk70gZEbhM4ZS9Q=="
    },
    "popper.js": {
      "version": "1.16.1",
      "resolved": "https://registry.npmjs.org/popper.js/-/popper.js-1.16.1.tgz",
      "integrity": "sha1-KiI8s9x7YhPXQOQDcr5A3kPmWxs="
    },
    "sprintf-js": {
      "version": "1.1.2",
      "resolved": "https://registry.npmjs.org/sprintf-js/-/sprintf-js-1.1.2.tgz",
      "integrity": "sha512-VE0SOVEHCk7Qc8ulkWw3ntAzXuqf7S2lvwQaDLRnUeIEaKNQJzV6BwmLKhOqT61aGhfUMrXeaBk+oDGCzvhcug=="
    }
  }
}
